
Microsoft Visual Studio Solution File, Format Version 11.00
# Visual Studio 2010
Project("{FAE04EC0-301F-11D3-BF4B-00C04F79EFBC}") = "BallMovement (GeneticAlgorithm)", "Assembly-CSharp-firstpass.csproj", "{F8EFEF94-CD56-BB78-1773-33DD9C267273}"
EndProject
Project("{FAE04EC0-301F-11D3-BF4B-00C04F79EFBC}") = "BallMovement (GeneticAlgorithm)", "Assembly-CSharp.csproj", "{C9DAA0D0-3AC1-7DBD-9D68-530418F91B25}"
EndProject
Project("{FAE04EC0-301F-11D3-BF4B-00C04F79EFBC}") = "BallMovement (GeneticAlgorithm)", "Assembly-CSharp-Editor-firstpass.csproj", "{C42C8B05-E939-7F9B-94CA-EE7B2CDE9CE4}"
EndProject
Global
	GlobalSection(SolutionConfigurationPlatforms) = preSolution
		Debug|Any CPU = Debug|Any CPU
		Release|Any CPU = Release|Any CPU
	EndGlobalSection
	GlobalSection(ProjectConfigurationPlatforms) = postSolution
		{F8EFEF94-CD56-BB78-1773-33DD9C267273}.Debug|Any CPU.ActiveCfg = Debug|Any CPU
		{F8EFEF94-CD56-BB78-1773-33DD9C267273}.Debug|Any CPU.Build.0 = Debug|Any CPU
		{F8EFEF94-CD56-BB78-1773-33DD9C267273}.Release|Any CPU.ActiveCfg = Release|Any CPU
		{F8EFEF94-CD56-BB78-1773-33DD9C267273}.Release|Any CPU.Build.0 = Release|Any CPU
		{C9DAA0D0-3AC1-7DBD-9D68-530418F91B25}.Debug|Any CPU.ActiveCfg = Debug|Any CPU
		{C9DAA0D0-3AC1-7DBD-9D68-530418F91B25}.Debug|Any CPU.Build.0 = Debug|Any CPU
		{C9DAA0D0-3AC1-7DBD-9D68-530418F91B25}.Release|Any CPU.ActiveCfg = Release|Any CPU
		{C9DAA0D0-3AC1-7DBD-9D68-530418F91B25}.Release|Any CPU.Build.0 = Release|Any CPU
		{C42C8B05-E939-7F9B-94CA-EE7B2CDE9CE4}.Debug|Any CPU.ActiveCfg = Debug|Any CPU
		{C42C8B05-E939-7F9B-94CA-EE7B2CDE9CE4}.Debug|Any CPU.Build.0 = Debug|Any CPU
		{C42C8B05-E939-7F9B-94CA-EE7B2CDE9CE4}.Release|Any CPU.ActiveCfg = Release|Any CPU
		{C42C8B05-E939-7F9B-94CA-EE7B2CDE9CE4}.Release|Any CPU.Build.0 = Release|Any CPU
	EndGlobalSection
	GlobalSection(SolutionProperties) = preSolution
		HideSolutionNode = FALSE
	EndGlobalSection
	GlobalSection(MonoDevelopProperties) = preSolution
		StartupItem = Assembly-CSharp.csproj
	EndGlobalSection
EndGlobal
